
Microsoft Visual Studio Solution File, Format Version 12.00
# Visual Studio Version 17
VisualStudioVersion = 17.4.33205.214
MinimumVisualStudioVersion = 10.0.40219.1
Project("{FAE04EC0-301F-11D3-BF4B-00C04F79EFBC}") = "PDFMetaDataUpdater", "PDFMetaDataUpdater.csproj", "{56FCAF8E-D88E-4975-8F86-1D0803168A3B}"
EndProject
Global
	GlobalSection(SolutionConfigurationPlatforms) = preSolution
		Debug|Any CPU = Debug|Any CPU
		Release|Any CPU = Release|Any CPU
	EndGlobalSection
	GlobalSection(ProjectConfigurationPlatforms) = postSolution
		{56FCAF8E-D88E-4975-8F86-1D0803168A3B}.Debug|Any CPU.ActiveCfg = Debug|Any CPU
		{56FCAF8E-D88E-4975-8F86-1D0803168A3B}.Debug|Any CPU.Build.0 = Debug|Any CPU
		{56FCAF8E-D88E-4975-8F86-1D0803168A3B}.Release|Any CPU.ActiveCfg = Release|Any CPU
		{56FCAF8E-D88E-4975-8F86-1D0803168A3B}.Release|Any CPU.Build.0 = Release|Any CPU
	EndGlobalSection
	GlobalSection(SolutionProperties) = preSolution
		HideSolutionNode = FALSE
	EndGlobalSection
	GlobalSection(ExtensibilityGlobals) = postSolution
		SolutionGuid = {70067BD3-89D5-4E43-981D-2602FC02542C}
	EndGlobalSection
EndGlobal
